
Microsoft Visual Studio Solution File, Format Version 12.00
# Visual Studio 2013
VisualStudioVersion = 12.0.21005.1
MinimumVisualStudioVersion = 10.0.40219.1
Project("{2150E333-8FDC-42A3-9474-1A3956D46DE8}") = "test", "test", "{E333E512-5B5C-48CA-A701-DAFC5F0F79AD}"
EndProject
Project("{FAE04EC0-301F-11D3-BF4B-00C04F79EFBC}") = "MvcApplication1", "MvcApplication1\MvcApplication1.csproj", "{FD55B965-9A79-4E2D-9290-C2838B012058}"
EndProject
Global
	GlobalSection(SolutionConfigurationPlatforms) = preSolution
		Debug|Any CPU = Debug|Any CPU
		Release|Any CPU = Release|Any CPU
	EndGlobalSection
	GlobalSection(ProjectConfigurationPlatforms) = postSolution
		{FD55B965-9A79-4E2D-9290-C2838B012058}.Debug|Any CPU.ActiveCfg = Debug|Any CPU
		{FD55B965-9A79-4E2D-9290-C2838B012058}.Debug|Any CPU.Build.0 = Debug|Any CPU
		{FD55B965-9A79-4E2D-9290-C2838B012058}.Release|Any CPU.ActiveCfg = Release|Any CPU
		{FD55B965-9A79-4E2D-9290-C2838B012058}.Release|Any CPU.Build.0 = Release|Any CPU
	EndGlobalSection
	GlobalSection(SolutionProperties) = preSolution
		HideSolutionNode = FALSE
	EndGlobalSection
	GlobalSection(NestedProjects) = preSolution
		{FD55B965-9A79-4E2D-9290-C2838B012058} = {E333E512-5B5C-48CA-A701-DAFC5F0F79AD}
	EndGlobalSection
EndGlobal
