
Microsoft Visual Studio Solution File, Format Version 12.00
# Visual Studio 2013
VisualStudioVersion = 12.0.21005.1
MinimumVisualStudioVersion = 10.0.40219.1
Project("{2150E333-8FDC-42A3-9474-1A3956D46DE8}") = "Lime.Weixin.Lib", "Lime.Weixin.Lib", "{EDAEABF9-5ACC-43D6-9F37-CC2001545E43}"
EndProject
Project("{2150E333-8FDC-42A3-9474-1A3956D46DE8}") = "Lime.Weixin.Web", "Lime.Weixin.Web", "{0CA74CD1-88D0-437B-86CF-2DD111D73B6E}"
EndProject
Project("{FAE04EC0-301F-11D3-BF4B-00C04F79EFBC}") = "Lime.Weixin", "Lime.Weixin\Lime.Weixin.csproj", "{3472F8A0-F67A-45B7-B8C6-AF85BAD032D9}"
EndProject
Project("{FAE04EC0-301F-11D3-BF4B-00C04F79EFBC}") = "Lime.Weixin.MP", "Lime.Weixin.MP\Lime.Weixin.MP.csproj", "{F0A2B586-6378-45A9-81AF-CF45D1619404}"
EndProject
Project("{FAE04EC0-301F-11D3-BF4B-00C04F79EFBC}") = "Lime.Weixin.Open", "Lime.Weixin.Open\Lime.Weixin.Open.csproj", "{DB6528B9-B927-4C37-BA64-0B61AA831A8A}"
EndProject
Project("{FAE04EC0-301F-11D3-BF4B-00C04F79EFBC}") = "Lime.Weixin.QY", "Lime.Weixin.QY\Lime.Weixin.QY.csproj", "{3BA591C8-B352-4771-AC38-B61BCF122A13}"
EndProject
Project("{FAE04EC0-301F-11D3-BF4B-00C04F79EFBC}") = "Lime.Weixin.MP.MvcExtension", "Lime.Weixin.MP.MvcExtension\Lime.Weixin.MP.MvcExtension.csproj", "{50197F41-D5BE-408A-8D40-9FE422D937CA}"
EndProject
Project("{FAE04EC0-301F-11D3-BF4B-00C04F79EFBC}") = "Lime.Weixin.Cache.Redis", "Lime.Weixin.Cache.Redis\Lime.Weixin.Cache.Redis.csproj", "{729484CA-3AAA-4080-86C6-BC0D0ED7EF9E}"
EndProject
Project("{FAE04EC0-301F-11D3-BF4B-00C04F79EFBC}") = "Lime.Weixin.Web", "Lime.Weixin.Web\Lime.Weixin.Web.csproj", "{6F3103A9-12DC-4610-A0CE-8728AC964969}"
EndProject
Project("{2150E333-8FDC-42A3-9474-1A3956D46DE8}") = "Lime.Weixin.Lib.Test", "Lime.Weixin.Lib.Test", "{3DD7905B-B6A0-4D0F-842C-D24ABECCDBC9}"
EndProject
Project("{FAE04EC0-301F-11D3-BF4B-00C04F79EFBC}") = "Lime.Weixin.Test", "Lime.Weixin.Test\Lime.Weixin.Test.csproj", "{29A87F25-B855-4241-8F4B-4AE74C69EBF3}"
EndProject
Project("{FAE04EC0-301F-11D3-BF4B-00C04F79EFBC}") = "Lime.Weixin.MP.Test", "Lime.Weixin.MP.Test\Lime.Weixin.MP.Test.csproj", "{403E2F05-0935-470E-8600-1A82C18E0B4C}"
EndProject
Project("{FAE04EC0-301F-11D3-BF4B-00C04F79EFBC}") = "Lime.Weixin.Cache.Memcached", "Lime.Weixin.Cache.Memcached\Lime.Weixin.Cache.Memcached.csproj", "{5B729497-5323-41D7-A104-0632119BEDDE}"
EndProject
Project("{2150E333-8FDC-42A3-9474-1A3956D46DE8}") = "Lime.Image.Service", "Lime.Image.Service", "{C042E894-1135-458A-84BD-10FDE083A15D}"
EndProject
Project("{FAE04EC0-301F-11D3-BF4B-00C04F79EFBC}") = "Lime.Image.Service", "Lime.Image.Service\Lime.Image.Service.csproj", "{48318753-4690-4DD7-9A63-E993E7A559EE}"
EndProject
Project("{00D1A9C2-B5F0-4AF3-8072-F6C62B433612}") = "Lime.Weixin.DataBase", "Lime.Weixin.DataBase\Lime.Weixin.DataBase.sqlproj", "{8359502C-AF7B-4E62-97DC-1CB6AA25AAFE}"
EndProject
Project("{FAE04EC0-301F-11D3-BF4B-00C04F79EFBC}") = "Lime.Weixin.Business", "Lime.Weixin.Business\Lime.Weixin.Business.csproj", "{2FE54620-BC8E-4762-A8EA-89D32195B352}"
EndProject
Global
	GlobalSection(SolutionConfigurationPlatforms) = preSolution
		Debug|Any CPU = Debug|Any CPU
		Debug|x86 = Debug|x86
		Release|Any CPU = Release|Any CPU
		Release|x86 = Release|x86
	EndGlobalSection
	GlobalSection(ProjectConfigurationPlatforms) = postSolution
		{3472F8A0-F67A-45B7-B8C6-AF85BAD032D9}.Debug|Any CPU.ActiveCfg = Debug|Any CPU
		{3472F8A0-F67A-45B7-B8C6-AF85BAD032D9}.Debug|Any CPU.Build.0 = Debug|Any CPU
		{3472F8A0-F67A-45B7-B8C6-AF85BAD032D9}.Debug|x86.ActiveCfg = Debug|Any CPU
		{3472F8A0-F67A-45B7-B8C6-AF85BAD032D9}.Release|Any CPU.ActiveCfg = Release|Any CPU
		{3472F8A0-F67A-45B7-B8C6-AF85BAD032D9}.Release|Any CPU.Build.0 = Release|Any CPU
		{3472F8A0-F67A-45B7-B8C6-AF85BAD032D9}.Release|x86.ActiveCfg = Release|Any CPU
		{F0A2B586-6378-45A9-81AF-CF45D1619404}.Debug|Any CPU.ActiveCfg = Debug|Any CPU
		{F0A2B586-6378-45A9-81AF-CF45D1619404}.Debug|Any CPU.Build.0 = Debug|Any CPU
		{F0A2B586-6378-45A9-81AF-CF45D1619404}.Debug|x86.ActiveCfg = Debug|Any CPU
		{F0A2B586-6378-45A9-81AF-CF45D1619404}.Release|Any CPU.ActiveCfg = Release|Any CPU
		{F0A2B586-6378-45A9-81AF-CF45D1619404}.Release|Any CPU.Build.0 = Release|Any CPU
		{F0A2B586-6378-45A9-81AF-CF45D1619404}.Release|x86.ActiveCfg = Release|Any CPU
		{DB6528B9-B927-4C37-BA64-0B61AA831A8A}.Debug|Any CPU.ActiveCfg = Debug|Any CPU
		{DB6528B9-B927-4C37-BA64-0B61AA831A8A}.Debug|Any CPU.Build.0 = Debug|Any CPU
		{DB6528B9-B927-4C37-BA64-0B61AA831A8A}.Debug|x86.ActiveCfg = Debug|Any CPU
		{DB6528B9-B927-4C37-BA64-0B61AA831A8A}.Release|Any CPU.ActiveCfg = Release|Any CPU
		{DB6528B9-B927-4C37-BA64-0B61AA831A8A}.Release|Any CPU.Build.0 = Release|Any CPU
		{DB6528B9-B927-4C37-BA64-0B61AA831A8A}.Release|x86.ActiveCfg = Release|Any CPU
		{3BA591C8-B352-4771-AC38-B61BCF122A13}.Debug|Any CPU.ActiveCfg = Debug|Any CPU
		{3BA591C8-B352-4771-AC38-B61BCF122A13}.Debug|Any CPU.Build.0 = Debug|Any CPU
		{3BA591C8-B352-4771-AC38-B61BCF122A13}.Debug|x86.ActiveCfg = Debug|Any CPU
		{3BA591C8-B352-4771-AC38-B61BCF122A13}.Release|Any CPU.ActiveCfg = Release|Any CPU
		{3BA591C8-B352-4771-AC38-B61BCF122A13}.Release|Any CPU.Build.0 = Release|Any CPU
		{3BA591C8-B352-4771-AC38-B61BCF122A13}.Release|x86.ActiveCfg = Release|Any CPU
		{50197F41-D5BE-408A-8D40-9FE422D937CA}.Debug|Any CPU.ActiveCfg = Debug|Any CPU
		{50197F41-D5BE-408A-8D40-9FE422D937CA}.Debug|Any CPU.Build.0 = Debug|Any CPU
		{50197F41-D5BE-408A-8D40-9FE422D937CA}.Debug|x86.ActiveCfg = Debug|Any CPU
		{50197F41-D5BE-408A-8D40-9FE422D937CA}.Release|Any CPU.ActiveCfg = Release|Any CPU
		{50197F41-D5BE-408A-8D40-9FE422D937CA}.Release|Any CPU.Build.0 = Release|Any CPU
		{50197F41-D5BE-408A-8D40-9FE422D937CA}.Release|x86.ActiveCfg = Release|Any CPU
		{729484CA-3AAA-4080-86C6-BC0D0ED7EF9E}.Debug|Any CPU.ActiveCfg = Debug|Any CPU
		{729484CA-3AAA-4080-86C6-BC0D0ED7EF9E}.Debug|Any CPU.Build.0 = Debug|Any CPU
		{729484CA-3AAA-4080-86C6-BC0D0ED7EF9E}.Debug|x86.ActiveCfg = Debug|Any CPU
		{729484CA-3AAA-4080-86C6-BC0D0ED7EF9E}.Release|Any CPU.ActiveCfg = Release|Any CPU
		{729484CA-3AAA-4080-86C6-BC0D0ED7EF9E}.Release|Any CPU.Build.0 = Release|Any CPU
		{729484CA-3AAA-4080-86C6-BC0D0ED7EF9E}.Release|x86.ActiveCfg = Release|Any CPU
		{6F3103A9-12DC-4610-A0CE-8728AC964969}.Debug|Any CPU.ActiveCfg = Debug|Any CPU
		{6F3103A9-12DC-4610-A0CE-8728AC964969}.Debug|Any CPU.Build.0 = Debug|Any CPU
		{6F3103A9-12DC-4610-A0CE-8728AC964969}.Debug|x86.ActiveCfg = Debug|Any CPU
		{6F3103A9-12DC-4610-A0CE-8728AC964969}.Release|Any CPU.ActiveCfg = Release|Any CPU
		{6F3103A9-12DC-4610-A0CE-8728AC964969}.Release|Any CPU.Build.0 = Release|Any CPU
		{6F3103A9-12DC-4610-A0CE-8728AC964969}.Release|x86.ActiveCfg = Release|Any CPU
		{29A87F25-B855-4241-8F4B-4AE74C69EBF3}.Debug|Any CPU.ActiveCfg = Debug|Any CPU
		{29A87F25-B855-4241-8F4B-4AE74C69EBF3}.Debug|Any CPU.Build.0 = Debug|Any CPU
		{29A87F25-B855-4241-8F4B-4AE74C69EBF3}.Debug|x86.ActiveCfg = Debug|Any CPU
		{29A87F25-B855-4241-8F4B-4AE74C69EBF3}.Release|Any CPU.ActiveCfg = Release|Any CPU
		{29A87F25-B855-4241-8F4B-4AE74C69EBF3}.Release|Any CPU.Build.0 = Release|Any CPU
		{29A87F25-B855-4241-8F4B-4AE74C69EBF3}.Release|x86.ActiveCfg = Release|Any CPU
		{403E2F05-0935-470E-8600-1A82C18E0B4C}.Debug|Any CPU.ActiveCfg = Debug|Any CPU
		{403E2F05-0935-470E-8600-1A82C18E0B4C}.Debug|Any CPU.Build.0 = Debug|Any CPU
		{403E2F05-0935-470E-8600-1A82C18E0B4C}.Debug|x86.ActiveCfg = Debug|Any CPU
		{403E2F05-0935-470E-8600-1A82C18E0B4C}.Release|Any CPU.ActiveCfg = Release|Any CPU
		{403E2F05-0935-470E-8600-1A82C18E0B4C}.Release|Any CPU.Build.0 = Release|Any CPU
		{403E2F05-0935-470E-8600-1A82C18E0B4C}.Release|x86.ActiveCfg = Release|Any CPU
		{5B729497-5323-41D7-A104-0632119BEDDE}.Debug|Any CPU.ActiveCfg = Debug|Any CPU
		{5B729497-5323-41D7-A104-0632119BEDDE}.Debug|Any CPU.Build.0 = Debug|Any CPU
		{5B729497-5323-41D7-A104-0632119BEDDE}.Debug|x86.ActiveCfg = Debug|x86
		{5B729497-5323-41D7-A104-0632119BEDDE}.Debug|x86.Build.0 = Debug|x86
		{5B729497-5323-41D7-A104-0632119BEDDE}.Release|Any CPU.ActiveCfg = Release|Any CPU
		{5B729497-5323-41D7-A104-0632119BEDDE}.Release|Any CPU.Build.0 = Release|Any CPU
		{5B729497-5323-41D7-A104-0632119BEDDE}.Release|x86.ActiveCfg = Release|x86
		{5B729497-5323-41D7-A104-0632119BEDDE}.Release|x86.Build.0 = Release|x86
		{48318753-4690-4DD7-9A63-E993E7A559EE}.Debug|Any CPU.ActiveCfg = Debug|Any CPU
		{48318753-4690-4DD7-9A63-E993E7A559EE}.Debug|Any CPU.Build.0 = Debug|Any CPU
		{48318753-4690-4DD7-9A63-E993E7A559EE}.Debug|x86.ActiveCfg = Debug|Any CPU
		{48318753-4690-4DD7-9A63-E993E7A559EE}.Release|Any CPU.ActiveCfg = Release|Any CPU
		{48318753-4690-4DD7-9A63-E993E7A559EE}.Release|Any CPU.Build.0 = Release|Any CPU
		{48318753-4690-4DD7-9A63-E993E7A559EE}.Release|x86.ActiveCfg = Release|Any CPU
		{8359502C-AF7B-4E62-97DC-1CB6AA25AAFE}.Debug|Any CPU.ActiveCfg = Debug|Any CPU
		{8359502C-AF7B-4E62-97DC-1CB6AA25AAFE}.Debug|Any CPU.Build.0 = Debug|Any CPU
		{8359502C-AF7B-4E62-97DC-1CB6AA25AAFE}.Debug|Any CPU.Deploy.0 = Debug|Any CPU
		{8359502C-AF7B-4E62-97DC-1CB6AA25AAFE}.Debug|x86.ActiveCfg = Debug|Any CPU
		{8359502C-AF7B-4E62-97DC-1CB6AA25AAFE}.Release|Any CPU.ActiveCfg = Release|Any CPU
		{8359502C-AF7B-4E62-97DC-1CB6AA25AAFE}.Release|Any CPU.Build.0 = Release|Any CPU
		{8359502C-AF7B-4E62-97DC-1CB6AA25AAFE}.Release|Any CPU.Deploy.0 = Release|Any CPU
		{8359502C-AF7B-4E62-97DC-1CB6AA25AAFE}.Release|x86.ActiveCfg = Release|Any CPU
		{2FE54620-BC8E-4762-A8EA-89D32195B352}.Debug|Any CPU.ActiveCfg = Debug|Any CPU
		{2FE54620-BC8E-4762-A8EA-89D32195B352}.Debug|Any CPU.Build.0 = Debug|Any CPU
		{2FE54620-BC8E-4762-A8EA-89D32195B352}.Debug|x86.ActiveCfg = Debug|Any CPU
		{2FE54620-BC8E-4762-A8EA-89D32195B352}.Release|Any CPU.ActiveCfg = Release|Any CPU
		{2FE54620-BC8E-4762-A8EA-89D32195B352}.Release|Any CPU.Build.0 = Release|Any CPU
		{2FE54620-BC8E-4762-A8EA-89D32195B352}.Release|x86.ActiveCfg = Release|Any CPU
	EndGlobalSection
	GlobalSection(SolutionProperties) = preSolution
		HideSolutionNode = FALSE
	EndGlobalSection
	GlobalSection(NestedProjects) = preSolution
		{3472F8A0-F67A-45B7-B8C6-AF85BAD032D9} = {EDAEABF9-5ACC-43D6-9F37-CC2001545E43}
		{F0A2B586-6378-45A9-81AF-CF45D1619404} = {EDAEABF9-5ACC-43D6-9F37-CC2001545E43}
		{DB6528B9-B927-4C37-BA64-0B61AA831A8A} = {EDAEABF9-5ACC-43D6-9F37-CC2001545E43}
		{3BA591C8-B352-4771-AC38-B61BCF122A13} = {EDAEABF9-5ACC-43D6-9F37-CC2001545E43}
		{50197F41-D5BE-408A-8D40-9FE422D937CA} = {EDAEABF9-5ACC-43D6-9F37-CC2001545E43}
		{729484CA-3AAA-4080-86C6-BC0D0ED7EF9E} = {EDAEABF9-5ACC-43D6-9F37-CC2001545E43}
		{5B729497-5323-41D7-A104-0632119BEDDE} = {EDAEABF9-5ACC-43D6-9F37-CC2001545E43}
		{6F3103A9-12DC-4610-A0CE-8728AC964969} = {0CA74CD1-88D0-437B-86CF-2DD111D73B6E}
		{8359502C-AF7B-4E62-97DC-1CB6AA25AAFE} = {0CA74CD1-88D0-437B-86CF-2DD111D73B6E}
		{2FE54620-BC8E-4762-A8EA-89D32195B352} = {0CA74CD1-88D0-437B-86CF-2DD111D73B6E}
		{29A87F25-B855-4241-8F4B-4AE74C69EBF3} = {3DD7905B-B6A0-4D0F-842C-D24ABECCDBC9}
		{403E2F05-0935-470E-8600-1A82C18E0B4C} = {3DD7905B-B6A0-4D0F-842C-D24ABECCDBC9}
		{48318753-4690-4DD7-9A63-E993E7A559EE} = {C042E894-1135-458A-84BD-10FDE083A15D}
	EndGlobalSection
EndGlobal
